{
  "name": "signalk-calypso-ultrasonic",
  "version": "1.0.1",
  "lockfileVersion": 1,
  "requires": true,
  "dependencies": {
    "bplist-parser": {
      "version": "0.0.6",
      "resolved": "https://registry.npmjs.org/bplist-parser/-/bplist-parser-0.0.6.tgz",
      "integrity": "sha1-ONo0cYF9+dRKs4kuJ3B7u9daEbk=",
      "optional": true
    },
    "debug": {
      "version": "4.0.1",
      "resolved": "https://registry.npmjs.org/debug/-/debug-4.0.1.tgz",
      "integrity": "sha512-K23FHJ/Mt404FSlp6gSZCevIbTMLX0j3fmHhUEhQ3Wq0FMODW3+cUSoLdy1Gx4polAf4t/lphhmHH35BB8cLYw==",
      "requires": {
        "ms": "^2.1.1"
      }
    },
    "ms": {
      "version": "2.1.1",
      "resolved": "https://registry.npmjs.org/ms/-/ms-2.1.1.tgz",
      "integrity": "sha512-tgp+dl5cGk28utYktBsrFqA7HKgrhgPsg6Z/EfhWI4gl1Hwq8B/GmY/0oXZ6nF8hDVesS/FpnYaD/kOWhYQvyg=="
    },
    "nan": {
      "version": "2.11.0",
      "resolved": "https://registry.npmjs.org/nan/-/nan-2.11.0.tgz",
      "integrity": "sha512-F4miItu2rGnV2ySkXOQoA8FKz/SR2Q2sWP0sbTxNxz/tuokeC8WxOhPMcwi0qIyGtVn/rrSeLbvVkznqCdwYnw==",
      "optional": true
    },
    "noble": {
      "version": "1.9.1",
      "resolved": "https://registry.npmjs.org/noble/-/noble-1.9.1.tgz",
      "integrity": "sha1-LM0x6tjsktv/bxmkLkILJYvNzdA=",
      "requires": {
        "bplist-parser": "0.0.6",
        "debug": "~2.2.0",
        "xpc-connection": "~0.1.4"
      },
      "dependencies": {
        "debug": {
          "version": "2.2.0",
          "resolved": "http://registry.npmjs.org/debug/-/debug-2.2.0.tgz",
          "integrity": "sha1-+HBX6ZWxofauaklgZkE3vFbwOdo=",
          "requires": {
            "ms": "0.7.1"
          }
        },
        "ms": {
          "version": "0.7.1",
          "resolved": "https://registry.npmjs.org/ms/-/ms-0.7.1.tgz",
          "integrity": "sha1-nNE8A62/8ltl7/3nzoZO6VIBcJg="
        }
      }
    },
    "xpc-connection": {
      "version": "0.1.4",
      "resolved": "https://registry.npmjs.org/xpc-connection/-/xpc-connection-0.1.4.tgz",
      "integrity": "sha1-3Nf6oq7Gt6bhjMXdrQQvejTHcVY=",
      "optional": true,
      "requires": {
        "nan": "^2.0.5"
      }
    }
  }
}
